
Microsoft Visual Studio Solution File, Format Version 12.00
# Visual Studio 14
VisualStudioVersion = 14.0.24720.0
MinimumVisualStudioVersion = 10.0.40219.1
Project("{FAE04EC0-301F-11D3-BF4B-00C04F79EFBC}") = "SK.CSharpExtensions", "SK.CSharpExtensions\SK.CSharpExtensions.csproj", "{0A9F4102-9D81-4855-AB75-7438D86401B6}"
EndProject
Project("{FAE04EC0-301F-11D3-BF4B-00C04F79EFBC}") = "SK.ExtensionsTest", "SK.ExtensionsTest\SK.ExtensionsTest.csproj", "{56F145DD-1EC3-4B1D-88AF-5FDC33059E8C}"
EndProject
Global
	GlobalSection(SolutionConfigurationPlatforms) = preSolution
		Debug|Any CPU = Debug|Any CPU
		Release|Any CPU = Release|Any CPU
	EndGlobalSection
	GlobalSection(ProjectConfigurationPlatforms) = postSolution
		{0A9F4102-9D81-4855-AB75-7438D86401B6}.Debug|Any CPU.ActiveCfg = Debug|Any CPU
		{0A9F4102-9D81-4855-AB75-7438D86401B6}.Debug|Any CPU.Build.0 = Debug|Any CPU
		{0A9F4102-9D81-4855-AB75-7438D86401B6}.Release|Any CPU.ActiveCfg = Release|Any CPU
		{0A9F4102-9D81-4855-AB75-7438D86401B6}.Release|Any CPU.Build.0 = Release|Any CPU
		{56F145DD-1EC3-4B1D-88AF-5FDC33059E8C}.Debug|Any CPU.ActiveCfg = Debug|Any CPU
		{56F145DD-1EC3-4B1D-88AF-5FDC33059E8C}.Debug|Any CPU.Build.0 = Debug|Any CPU
		{56F145DD-1EC3-4B1D-88AF-5FDC33059E8C}.Release|Any CPU.ActiveCfg = Release|Any CPU
		{56F145DD-1EC3-4B1D-88AF-5FDC33059E8C}.Release|Any CPU.Build.0 = Release|Any CPU
	EndGlobalSection
	GlobalSection(SolutionProperties) = preSolution
		HideSolutionNode = FALSE
	EndGlobalSection
EndGlobal
